
Microsoft Visual Studio Solution File, Format Version 12.00
# Visual Studio Version 16
VisualStudioVersion = 16.0.31005.135
MinimumVisualStudioVersion = 10.0.40219.1
Project("{FAE04EC0-301F-11D3-BF4B-00C04F79EFBC}") = "CaixaEletronico", "CaixaEletronico.csproj", "{4A48BBBF-87F1-42EA-AB68-EAD7F77147AB}"
EndProject
Global
	GlobalSection(SolutionConfigurationPlatforms) = preSolution
		Debug|Any CPU = Debug|Any CPU
		Release|Any CPU = Release|Any CPU
	EndGlobalSection
	GlobalSection(ProjectConfigurationPlatforms) = postSolution
		{4A48BBBF-87F1-42EA-AB68-EAD7F77147AB}.Debug|Any CPU.ActiveCfg = Debug|Any CPU
		{4A48BBBF-87F1-42EA-AB68-EAD7F77147AB}.Debug|Any CPU.Build.0 = Debug|Any CPU
		{4A48BBBF-87F1-42EA-AB68-EAD7F77147AB}.Release|Any CPU.ActiveCfg = Release|Any CPU
		{4A48BBBF-87F1-42EA-AB68-EAD7F77147AB}.Release|Any CPU.Build.0 = Release|Any CPU
	EndGlobalSection
	GlobalSection(SolutionProperties) = preSolution
		HideSolutionNode = FALSE
	EndGlobalSection
	GlobalSection(ExtensibilityGlobals) = postSolution
		SolutionGuid = {D57BD30E-0867-4F46-BD79-23A22EE4BC79}
	EndGlobalSection
EndGlobal
